{
  "pins" : [
    {
      "identity" : "alamofire",
      "kind" : "remoteSourceControl",
      "location" : "https://github.com/Alamofire/Alamofire.git",
      "state" : {
        "revision" : "d120af1e8638c7da36c8481fd61a66c0c08dc4fc",
        "version" : "5.4.4"
      }
    },
    {
      "identity" : "ios-commonservices",
      "kind" : "remoteSourceControl",
      "location" : "https://github.com/diia-open-source/ios-commonservices.git",
      "state" : {
        "revision" : "a6a0efefd3e9eabd2f4f12769b19cd712386bc7e",
        "version" : "1.0.12"
      }
    },
    {
      "identity" : "ios-commontypes",
      "kind" : "remoteSourceControl",
      "location" : "https://github.com/diia-open-source/ios-commontypes.git",
      "state" : {
        "revision" : "d9a0b9fb32ec4725d865530a568d562983163118",
        "version" : "1.0.20"
      }
    },
    {
      "identity" : "ios-mvpmodule",
      "kind" : "remoteSourceControl",
      "location" : "https://github.com/diia-open-source/ios-mvpmodule.git",
      "state" : {
        "revision" : "1bb81cb1db77295939ef0e915a27962380d95396",
        "version" : "1.0.15"
      }
    },
    {
      "identity" : "ios-network",
      "kind" : "remoteSourceControl",
      "location" : "https://github.com/diia-open-source/ios-network.git",
      "state" : {
        "revision" : "b38b4f31489bd409b5929d4f30a05c21710a1bbd",
        "version" : "1.0.11"
      }
    },
    {
      "identity" : "ios-uicomponents",
      "kind" : "remoteSourceControl",
      "location" : "https://github.com/diia-open-source/ios-uicomponents.git",
      "state" : {
        "revision" : "fa1056e7e28952f90a0d6edf0abeeeffdaf83022",
        "version" : "1.0.17"
      }
    },
    {
      "identity" : "kingfisher",
      "kind" : "remoteSourceControl",
      "location" : "https://github.com/onevcat/Kingfisher",
      "state" : {
        "revision" : "d06df9adf50ed8cde5786d935836a5f445f780ba",
        "version" : "6.3.1"
      }
    },
    {
      "identity" : "lottie-spm",
      "kind" : "remoteSourceControl",
      "location" : "https://github.com/airbnb/lottie-spm.git",
      "state" : {
        "revision" : "60ea4f82fba8b4cb21a75665a889e86ed4d81c6e",
        "version" : "4.2.0"
      }
    },
    {
      "identity" : "reactivekit",
      "kind" : "remoteSourceControl",
      "location" : "https://github.com/DeclarativeHub/ReactiveKit.git",
      "state" : {
        "revision" : "0e553b1af3bc3b6932fa2b0207b11244ba69c1db",
        "version" : "3.16.4"
      }
    },
    {
      "identity" : "swiftmessages",
      "kind" : "remoteSourceControl",
      "location" : "https://github.com/SwiftKickMobile/SwiftMessages",
      "state" : {
        "revision" : "62e12e138fc3eedf88c7553dd5d98712aa119f40",
        "version" : "9.0.9"
      }
    }
  ],
  "version" : 2
}
