{
  "pins" : [
    {
      "identity" : "alamofire",
      "kind" : "remoteSourceControl",
      "location" : "https://github.com/Alamofire/Alamofire.git",
      "state" : {
        "revision" : "d120af1e8638c7da36c8481fd61a66c0c08dc4fc",
        "version" : "5.4.4"
      }
    },
    {
      "identity" : "ios-commonservices",
      "kind" : "remoteSourceControl",
      "location" : "https://github.com/diia-open-source/ios-commonservices.git",
      "state" : {
        "revision" : "9f1ede552fb8c25db28210971130203da46b4ad1",
        "version" : "1.0.15"
      }
    },
    {
      "identity" : "ios-commontypes",
      "kind" : "remoteSourceControl",
      "location" : "https://github.com/diia-open-source/ios-commontypes.git",
      "state" : {
        "revision" : "70d8dcee3475ae525f95842d9a671485741264b5",
        "version" : "1.0.22"
      }
    },
    {
      "identity" : "ios-mvpmodule",
      "kind" : "remoteSourceControl",
      "location" : "https://github.com/diia-open-source/ios-mvpmodule.git",
      "state" : {
        "revision" : "5d9ed70ec64b8557e0b85329628da81fe1df7081",
        "version" : "1.0.16"
      }
    },
    {
      "identity" : "ios-network",
      "kind" : "remoteSourceControl",
      "location" : "https://github.com/diia-open-source/ios-network.git",
      "state" : {
        "revision" : "e64e05aac4eda9e40331bc94110545ea585de39c",
        "version" : "1.0.13"
      }
    },
    {
      "identity" : "ios-uicomponents",
      "kind" : "remoteSourceControl",
      "location" : "https://github.com/diia-open-source/ios-uicomponents.git",
      "state" : {
        "revision" : "a33b70ce5de2cca431143e6b331006e07f5055ac",
        "version" : "1.0.25"
      }
    },
    {
      "identity" : "kingfisher",
      "kind" : "remoteSourceControl",
      "location" : "https://github.com/onevcat/Kingfisher",
      "state" : {
        "revision" : "2ef543ee21d63734e1c004ad6c870255e8716c50",
        "version" : "7.12.0"
      }
    },
    {
      "identity" : "lottie-spm",
      "kind" : "remoteSourceControl",
      "location" : "https://github.com/airbnb/lottie-spm.git",
      "state" : {
        "revision" : "69faaefa7721fba9e434a52c16adf4329c9084db",
        "version" : "4.6.0"
      }
    },
    {
      "identity" : "reactivekit",
      "kind" : "remoteSourceControl",
      "location" : "https://github.com/DeclarativeHub/ReactiveKit.git",
      "state" : {
        "revision" : "0e553b1af3bc3b6932fa2b0207b11244ba69c1db",
        "version" : "3.16.4"
      }
    },
    {
      "identity" : "swiftmessages",
      "kind" : "remoteSourceControl",
      "location" : "https://github.com/SwiftKickMobile/SwiftMessages",
      "state" : {
        "revision" : "62e12e138fc3eedf88c7553dd5d98712aa119f40",
        "version" : "9.0.9"
      }
    }
  ],
  "version" : 2
}
